{
  "name": "hkn-portal",
  "lockfileVersion": 3,
  "requires": true,
  "packages": {
    "": {
      "dependencies": {
        "svelte-device-info": "^1.0.0"
      }
    },
    "node_modules/svelte-device-info": {
      "version": "1.0.0",
      "resolved": "https://registry.npmjs.org/svelte-device-info/-/svelte-device-info-1.0.0.tgz",
      "integrity": "sha512-KL5/fXmhKVtM4ogoj9xrFTPjoWtTy/a8VFA5kEooIJiL48+aETCG2/owMvrsoyBRybUkzVf4ixkj+DncpNWMqw=="
    }
  }
}
